
Microsoft Visual Studio Solution File, Format Version 12.00
# Visual Studio Version 16
VisualStudioVersion = 16.0.30002.166
MinimumVisualStudioVersion = 10.0.40219.1
Project("{9A19103F-16F7-4668-BE54-9A1E7A4F7556}") = "APIproject", "APIproject.csproj", "{48B4AF33-E833-4B07-A17F-EB3D7E5FD63A}"
EndProject
Global
	GlobalSection(SolutionConfigurationPlatforms) = preSolution
		Debug|Any CPU = Debug|Any CPU
		Release|Any CPU = Release|Any CPU
	EndGlobalSection
	GlobalSection(ProjectConfigurationPlatforms) = postSolution
		{48B4AF33-E833-4B07-A17F-EB3D7E5FD63A}.Debug|Any CPU.ActiveCfg = Debug|Any CPU
		{48B4AF33-E833-4B07-A17F-EB3D7E5FD63A}.Debug|Any CPU.Build.0 = Debug|Any CPU
		{48B4AF33-E833-4B07-A17F-EB3D7E5FD63A}.Release|Any CPU.ActiveCfg = Release|Any CPU
		{48B4AF33-E833-4B07-A17F-EB3D7E5FD63A}.Release|Any CPU.Build.0 = Release|Any CPU
	EndGlobalSection
	GlobalSection(SolutionProperties) = preSolution
		HideSolutionNode = FALSE
	EndGlobalSection
	GlobalSection(ExtensibilityGlobals) = postSolution
		SolutionGuid = {D6CA3759-2395-4C6F-B06E-E050F2C72029}
	EndGlobalSection
EndGlobal
